
Microsoft Visual Studio Solution File, Format Version 12.00
# Visual Studio 15
VisualStudioVersion = 15.0.26124.0
MinimumVisualStudioVersion = 15.0.26124.0
Project("{FAE04EC0-301F-11D3-BF4B-00C04F79EFBC}") = "twitter", "client\twitter.csproj", "{B9435DC9-9DC6-4715-B001-BAA161E0989D}"
EndProject
Project("{FAE04EC0-301F-11D3-BF4B-00C04F79EFBC}") = "twitter.tests", "client.tests\twitter.tests.csproj", "{2ECDA411-206D-43D2-AF24-03529CF72E45}"
EndProject
Global
	GlobalSection(SolutionConfigurationPlatforms) = preSolution
		Debug|Any CPU = Debug|Any CPU
		Debug|x64 = Debug|x64
		Debug|x86 = Debug|x86
		Release|Any CPU = Release|Any CPU
		Release|x64 = Release|x64
		Release|x86 = Release|x86
	EndGlobalSection
	GlobalSection(SolutionProperties) = preSolution
		HideSolutionNode = FALSE
	EndGlobalSection
	GlobalSection(ProjectConfigurationPlatforms) = postSolution
		{B9435DC9-9DC6-4715-B001-BAA161E0989D}.Debug|Any CPU.ActiveCfg = Debug|Any CPU
		{B9435DC9-9DC6-4715-B001-BAA161E0989D}.Debug|Any CPU.Build.0 = Debug|Any CPU
		{B9435DC9-9DC6-4715-B001-BAA161E0989D}.Debug|x64.ActiveCfg = Debug|Any CPU
		{B9435DC9-9DC6-4715-B001-BAA161E0989D}.Debug|x64.Build.0 = Debug|Any CPU
		{B9435DC9-9DC6-4715-B001-BAA161E0989D}.Debug|x86.ActiveCfg = Debug|Any CPU
		{B9435DC9-9DC6-4715-B001-BAA161E0989D}.Debug|x86.Build.0 = Debug|Any CPU
		{B9435DC9-9DC6-4715-B001-BAA161E0989D}.Release|Any CPU.ActiveCfg = Release|Any CPU
		{B9435DC9-9DC6-4715-B001-BAA161E0989D}.Release|Any CPU.Build.0 = Release|Any CPU
		{B9435DC9-9DC6-4715-B001-BAA161E0989D}.Release|x64.ActiveCfg = Release|Any CPU
		{B9435DC9-9DC6-4715-B001-BAA161E0989D}.Release|x64.Build.0 = Release|Any CPU
		{B9435DC9-9DC6-4715-B001-BAA161E0989D}.Release|x86.ActiveCfg = Release|Any CPU
		{B9435DC9-9DC6-4715-B001-BAA161E0989D}.Release|x86.Build.0 = Release|Any CPU
		{2ECDA411-206D-43D2-AF24-03529CF72E45}.Debug|Any CPU.ActiveCfg = Debug|Any CPU
		{2ECDA411-206D-43D2-AF24-03529CF72E45}.Debug|Any CPU.Build.0 = Debug|Any CPU
		{2ECDA411-206D-43D2-AF24-03529CF72E45}.Debug|x64.ActiveCfg = Debug|Any CPU
		{2ECDA411-206D-43D2-AF24-03529CF72E45}.Debug|x64.Build.0 = Debug|Any CPU
		{2ECDA411-206D-43D2-AF24-03529CF72E45}.Debug|x86.ActiveCfg = Debug|Any CPU
		{2ECDA411-206D-43D2-AF24-03529CF72E45}.Debug|x86.Build.0 = Debug|Any CPU
		{2ECDA411-206D-43D2-AF24-03529CF72E45}.Release|Any CPU.ActiveCfg = Release|Any CPU
		{2ECDA411-206D-43D2-AF24-03529CF72E45}.Release|Any CPU.Build.0 = Release|Any CPU
		{2ECDA411-206D-43D2-AF24-03529CF72E45}.Release|x64.ActiveCfg = Release|Any CPU
		{2ECDA411-206D-43D2-AF24-03529CF72E45}.Release|x64.Build.0 = Release|Any CPU
		{2ECDA411-206D-43D2-AF24-03529CF72E45}.Release|x86.ActiveCfg = Release|Any CPU
		{2ECDA411-206D-43D2-AF24-03529CF72E45}.Release|x86.Build.0 = Release|Any CPU
	EndGlobalSection
EndGlobal
